
Microsoft Visual Studio Solution File, Format Version 11.00
# Visual Studio 2010
Project("{FAE04EC0-301F-11D3-BF4B-00C04F79EFBC}") = "Nito.AsyncEx.UnitTests.MSTest", "Nito.AsyncEx.UnitTests.MSTest\Nito.AsyncEx.UnitTests.MSTest.csproj", "{DEFD5D22-66A8-4692-9FE4-0EABAEDA934B}"
EndProject
Global
	GlobalSection(TestCaseManagementSettings) = postSolution
		CategoryFile = AsyncUnitTests.vsmdi
	EndGlobalSection
	GlobalSection(SolutionConfigurationPlatforms) = preSolution
		Debug|Any CPU = Debug|Any CPU
		Release|Any CPU = Release|Any CPU
	EndGlobalSection
	GlobalSection(ProjectConfigurationPlatforms) = postSolution
		{DEFD5D22-66A8-4692-9FE4-0EABAEDA934B}.Debug|Any CPU.ActiveCfg = Debug|Any CPU
		{DEFD5D22-66A8-4692-9FE4-0EABAEDA934B}.Debug|Any CPU.Build.0 = Debug|Any CPU
		{DEFD5D22-66A8-4692-9FE4-0EABAEDA934B}.Release|Any CPU.ActiveCfg = Release|Any CPU
		{DEFD5D22-66A8-4692-9FE4-0EABAEDA934B}.Release|Any CPU.Build.0 = Release|Any CPU
	EndGlobalSection
	GlobalSection(SolutionProperties) = preSolution
		HideSolutionNode = FALSE
	EndGlobalSection
EndGlobal
